
Microsoft Visual Studio Solution File, Format Version 12.00
# Visual Studio Version 16
VisualStudioVersion = 16.0.30011.22
MinimumVisualStudioVersion = 10.0.40219.1
Project("{9A19103F-16F7-4668-BE54-9A1E7A4F7556}") = "demo", "StacksAndQueQues\demo.csproj", "{A64B5DC1-A048-4203-8C6C-3E4AA6097EBF}"
EndProject
Project("{FAE04EC0-301F-11D3-BF4B-00C04F79EFBC}") = "01FirstStack", "01FistStack\01FirstStack.csproj", "{ABEAA605-BF89-4801-9B85-DE440BB921CC}"
EndProject
Global
	GlobalSection(SolutionConfigurationPlatforms) = preSolution
		Debug|Any CPU = Debug|Any CPU
		Release|Any CPU = Release|Any CPU
	EndGlobalSection
	GlobalSection(ProjectConfigurationPlatforms) = postSolution
		{A64B5DC1-A048-4203-8C6C-3E4AA6097EBF}.Debug|Any CPU.ActiveCfg = Debug|Any CPU
		{A64B5DC1-A048-4203-8C6C-3E4AA6097EBF}.Debug|Any CPU.Build.0 = Debug|Any CPU
		{A64B5DC1-A048-4203-8C6C-3E4AA6097EBF}.Release|Any CPU.ActiveCfg = Release|Any CPU
		{A64B5DC1-A048-4203-8C6C-3E4AA6097EBF}.Release|Any CPU.Build.0 = Release|Any CPU
		{ABEAA605-BF89-4801-9B85-DE440BB921CC}.Debug|Any CPU.ActiveCfg = Debug|Any CPU
		{ABEAA605-BF89-4801-9B85-DE440BB921CC}.Debug|Any CPU.Build.0 = Debug|Any CPU
		{ABEAA605-BF89-4801-9B85-DE440BB921CC}.Release|Any CPU.ActiveCfg = Release|Any CPU
		{ABEAA605-BF89-4801-9B85-DE440BB921CC}.Release|Any CPU.Build.0 = Release|Any CPU
	EndGlobalSection
	GlobalSection(SolutionProperties) = preSolution
		HideSolutionNode = FALSE
	EndGlobalSection
	GlobalSection(ExtensibilityGlobals) = postSolution
		SolutionGuid = {89AF1B92-13A1-4EA9-8E75-0E437C269D50}
	EndGlobalSection
EndGlobal
